
Microsoft Visual Studio Solution File, Format Version 12.00
# Visual Studio 15
VisualStudioVersion = 15.0.27703.2035
MinimumVisualStudioVersion = 10.0.40219.1
Project("{FAE04EC0-301F-11D3-BF4B-00C04F79EFBC}") = "GhostGameServer", "GhostGameServer\GhostGameServer.csproj", "{55B55EFD-3483-4745-A468-16F8EDE48FFC}"
EndProject
Global
	GlobalSection(SolutionConfigurationPlatforms) = preSolution
		Debug|Any CPU = Debug|Any CPU
		Release|Any CPU = Release|Any CPU
	EndGlobalSection
	GlobalSection(ProjectConfigurationPlatforms) = postSolution
		{55B55EFD-3483-4745-A468-16F8EDE48FFC}.Debug|Any CPU.ActiveCfg = Debug|Any CPU
		{55B55EFD-3483-4745-A468-16F8EDE48FFC}.Debug|Any CPU.Build.0 = Debug|Any CPU
		{55B55EFD-3483-4745-A468-16F8EDE48FFC}.Release|Any CPU.ActiveCfg = Release|Any CPU
		{55B55EFD-3483-4745-A468-16F8EDE48FFC}.Release|Any CPU.Build.0 = Release|Any CPU
	EndGlobalSection
	GlobalSection(SolutionProperties) = preSolution
		HideSolutionNode = FALSE
	EndGlobalSection
	GlobalSection(ExtensibilityGlobals) = postSolution
		SolutionGuid = {2421EE65-CFA1-40DB-9D83-5A93F97E7181}
	EndGlobalSection
EndGlobal
